
Microsoft Visual Studio Solution File, Format Version 12.00
# Visual Studio Version 17
VisualStudioVersion = 17.8.34330.188
MinimumVisualStudioVersion = 10.0.40219.1
Project("{9A19103F-16F7-4668-BE54-9A1E7A4F7556}") = "OpenWeatherMapAPI", "OpenWeatherMapAPI\OpenWeatherMapAPI.csproj", "{76979866-0192-4203-83D0-F25A879B30AC}"
EndProject
Project("{FAE04EC0-301F-11D3-BF4B-00C04F79EFBC}") = "OpenWeatherMapAPI_2", "OpenWeatherMapAPI_2\OpenWeatherMapAPI_2.csproj", "{D41C05F7-59D9-46C6-A386-74912CC63C04}"
EndProject
Global
	GlobalSection(SolutionConfigurationPlatforms) = preSolution
		Debug|Any CPU = Debug|Any CPU
		Release|Any CPU = Release|Any CPU
	EndGlobalSection
	GlobalSection(ProjectConfigurationPlatforms) = postSolution
		{76979866-0192-4203-83D0-F25A879B30AC}.Debug|Any CPU.ActiveCfg = Debug|Any CPU
		{76979866-0192-4203-83D0-F25A879B30AC}.Debug|Any CPU.Build.0 = Debug|Any CPU
		{76979866-0192-4203-83D0-F25A879B30AC}.Release|Any CPU.ActiveCfg = Release|Any CPU
		{76979866-0192-4203-83D0-F25A879B30AC}.Release|Any CPU.Build.0 = Release|Any CPU
		{D41C05F7-59D9-46C6-A386-74912CC63C04}.Debug|Any CPU.ActiveCfg = Debug|Any CPU
		{D41C05F7-59D9-46C6-A386-74912CC63C04}.Debug|Any CPU.Build.0 = Debug|Any CPU
		{D41C05F7-59D9-46C6-A386-74912CC63C04}.Release|Any CPU.ActiveCfg = Release|Any CPU
		{D41C05F7-59D9-46C6-A386-74912CC63C04}.Release|Any CPU.Build.0 = Release|Any CPU
	EndGlobalSection
	GlobalSection(SolutionProperties) = preSolution
		HideSolutionNode = FALSE
	EndGlobalSection
	GlobalSection(ExtensibilityGlobals) = postSolution
		SolutionGuid = {7EBBCC4F-8129-4A35-8FE0-5C8700E1F43A}
	EndGlobalSection
EndGlobal
